# THIS IS AN AUTOGENERATED FILE. DO NOT EDIT THIS FILE DIRECTLY.
# yarn lockfile v1


bluebird@^3.5.1:
  version "3.5.1"
  resolved "https://registry.yarnpkg.com/bluebird/-/bluebird-3.5.1.tgz#d9551f9de98f1fcda1e683d17ee91a0602ee2eb9"

gonzales-pe@^4.2.3:
  version "4.2.3"
  resolved "https://registry.yarnpkg.com/gonzales-pe/-/gonzales-pe-4.2.3.tgz#41091703625433285e0aee3aa47829fc1fbeb6f2"
  dependencies:
    minimist "1.1.x"

minimist@1.1.x:
  version "1.1.3"
  resolved "https://registry.yarnpkg.com/minimist/-/minimist-1.1.3.tgz#3bedfd91a92d39016fcfaa1c681e8faa1a1efda8"
